
Microsoft Visual Studio Solution File, Format Version 12.00
# Visual Studio Version 17
VisualStudioVersion = 17.1.32407.343
MinimumVisualStudioVersion = 10.0.40219.1
Project("{9A19103F-16F7-4668-BE54-9A1E7A4F7556}") = "RA-HW-12", "RA-HW-12\RA-HW-12.csproj", "{F96C4F64-11B8-4A2C-AC1F-0C214264830C}"
EndProject
Project("{FAE04EC0-301F-11D3-BF4B-00C04F79EFBC}") = "zipReader", "zipReader\zipReader.csproj", "{92B02CE1-696C-45F2-8787-A561DB834B95}"
EndProject
Global
	GlobalSection(SolutionConfigurationPlatforms) = preSolution
		Debug|Any CPU = Debug|Any CPU
		Release|Any CPU = Release|Any CPU
	EndGlobalSection
	GlobalSection(ProjectConfigurationPlatforms) = postSolution
		{F96C4F64-11B8-4A2C-AC1F-0C214264830C}.Debug|Any CPU.ActiveCfg = Debug|Any CPU
		{F96C4F64-11B8-4A2C-AC1F-0C214264830C}.Debug|Any CPU.Build.0 = Debug|Any CPU
		{F96C4F64-11B8-4A2C-AC1F-0C214264830C}.Release|Any CPU.ActiveCfg = Release|Any CPU
		{F96C4F64-11B8-4A2C-AC1F-0C214264830C}.Release|Any CPU.Build.0 = Release|Any CPU
		{92B02CE1-696C-45F2-8787-A561DB834B95}.Debug|Any CPU.ActiveCfg = Debug|Any CPU
		{92B02CE1-696C-45F2-8787-A561DB834B95}.Debug|Any CPU.Build.0 = Debug|Any CPU
		{92B02CE1-696C-45F2-8787-A561DB834B95}.Release|Any CPU.ActiveCfg = Release|Any CPU
		{92B02CE1-696C-45F2-8787-A561DB834B95}.Release|Any CPU.Build.0 = Release|Any CPU
	EndGlobalSection
	GlobalSection(SolutionProperties) = preSolution
		HideSolutionNode = FALSE
	EndGlobalSection
	GlobalSection(ExtensibilityGlobals) = postSolution
		SolutionGuid = {100CB664-E78A-4AC6-981A-CF5A4C9CFE23}
	EndGlobalSection
EndGlobal
